// !$*UTF8*$!
{
	archiveVersion = 1;
	classes = {
	};
	objectVersion = 46;
	objects = {

/* Begin PBXBuildFile section */
		DC0067D617F05B8B0048A93E /* MBProgressHUD.m in Sources */ = {isa = PBXBuildFile; fileRef = DC0067D517F05B8B0048A93E /* MBProgressHUD.m */; };
		DC5E96B217CE262700D820AE /* Foundation.framework in Frameworks */ = {isa = PBXBuildFile; fileRef = DC5E96B117CE262700D820AE /* Foundation.framework */; };
		DC5E96B417CE262700D820AE /* CoreGraphics.framework in Frameworks */ = {isa = PBXBuildFile; fileRef = DC5E96B317CE262700D820AE /* CoreGraphics.framework */; };
		DC5E96B617CE262700D820AE /* UIKit.framework in Frameworks */ = {isa = PBXBuildFile; fileRef = DC5E96B517CE262700D820AE /* UIKit.framework */; };
		DC5E96BC17CE262700D820AE /* InfoPlist.strings in Resources */ = {isa = PBXBuildFile; fileRef = DC5E96BA17CE262700D820AE /* InfoPlist.strings */; };
		DC5E96BE17CE262700D820AE /* main.m in Sources */ = {isa = PBXBuildFile; fileRef = DC5E96BD17CE262700D820AE /* main.m */; };
		DC5E96C217CE262700D820AE /* DKAAppDelegate.m in Sources */ = {isa = PBXBuildFile; fileRef = DC5E96C117CE262700D820AE /* DKAAppDelegate.m */; };
		DC5E96C517CE262700D820AE /* Main.storyboard in Resources */ = {isa = PBXBuildFile; fileRef = DC5E96C317CE262700D820AE /* Main.storyboard */; };
		DC5E96C817CE262700D820AE /* DKAFirstViewController.m in Sources */ = {isa = PBXBuildFile; fileRef = DC5E96C717CE262700D820AE /* DKAFirstViewController.m */; };
		DC5E96CB17CE262700D820AE /* DKASecondViewController.m in Sources */ = {isa = PBXBuildFile; fileRef = DC5E96CA17CE262700D820AE /* DKASecondViewController.m */; };
		DC5E96CD17CE262700D820AE /* Images.xcassets in Resources */ = {isa = PBXBuildFile; fileRef = DC5E96CC17CE262700D820AE /* Images.xcassets */; };
		DC5E96D417CE262700D820AE /* XCTest.framework in Frameworks */ = {isa = PBXBuildFile; fileRef = DC5E96D317CE262700D820AE /* XCTest.framework */; };
		DC5E96D517CE262700D820AE /* Foundation.framework in Frameworks */ = {isa = PBXBuildFile; fileRef = DC5E96B117CE262700D820AE /* Foundation.framework */; };
		DC5E96D617CE262700D820AE /* UIKit.framework in Frameworks */ = {isa = PBXBuildFile; fileRef = DC5E96B517CE262700D820AE /* UIKit.framework */; };
		DC5E96DE17CE262700D820AE /* InfoPlist.strings in Resources */ = {isa = PBXBuildFile; fileRef = DC5E96DC17CE262700D820AE /* InfoPlist.strings */; };
		DC5E96E017CE262700D820AE /* ModelJuiceTests.m in Sources */ = {isa = PBXBuildFile; fileRef = DC5E96DF17CE262700D820AE /* ModelJuiceTests.m */; };
		DC5E96F417CF29B300D820AE /* DKALoginVC.m in Sources */ = {isa = PBXBuildFile; fileRef = DC5E96F317CF29B300D820AE /* DKALoginVC.m */; };
		DC5E96F617CF497F00D820AE /* QuartzCore.framework in Frameworks */ = {isa = PBXBuildFile; fileRef = DC5E96F517CF497F00D820AE /* QuartzCore.framework */; };
		DC5E970D17CF4E7F00D820AE /* AFHTTPClient.m in Sources */ = {isa = PBXBuildFile; fileRef = DC5E96FB17CF4E7F00D820AE /* AFHTTPClient.m */; };
		DC5E970E17CF4E7F00D820AE /* AFHTTPRequestOperation.m in Sources */ = {isa = PBXBuildFile; fileRef = DC5E96FD17CF4E7F00D820AE /* AFHTTPRequestOperation.m */; };
		DC5E970F17CF4E7F00D820AE /* AFImageRequestOperation.m in Sources */ = {isa = PBXBuildFile; fileRef = DC5E96FF17CF4E7F00D820AE /* AFImageRequestOperation.m */; };
		DC5E971017CF4E7F00D820AE /* AFJSONRequestOperation.m in Sources */ = {isa = PBXBuildFile; fileRef = DC5E970117CF4E7F00D820AE /* AFJSONRequestOperation.m */; };
		DC5E971117CF4E7F00D820AE /* AFNetworkActivityIndicatorManager.m in Sources */ = {isa = PBXBuildFile; fileRef = DC5E970317CF4E7F00D820AE /* AFNetworkActivityIndicatorManager.m */; };
		DC5E971217CF4E7F00D820AE /* AFPropertyListRequestOperation.m in Sources */ = {isa = PBXBuildFile; fileRef = DC5E970617CF4E7F00D820AE /* AFPropertyListRequestOperation.m */; };
		DC5E971317CF4E7F00D820AE /* AFURLConnectionOperation.m in Sources */ = {isa = PBXBuildFile; fileRef = DC5E970817CF4E7F00D820AE /* AFURLConnectionOperation.m */; };
		DC5E971417CF4E7F00D820AE /* AFXMLRequestOperation.m in Sources */ = {isa = PBXBuildFile; fileRef = DC5E970A17CF4E7F00D820AE /* AFXMLRequestOperation.m */; };
		DC5E971517CF4E7F00D820AE /* UIImageView+AFNetworking.m in Sources */ = {isa = PBXBuildFile; fileRef = DC5E970C17CF4E7F00D820AE /* UIImageView+AFNetworking.m */; };
		DC5E971817CF4EBB00D820AE /* DKAHelper.m in Sources */ = {isa = PBXBuildFile; fileRef = DC5E971717CF4EBB00D820AE /* DKAHelper.m */; };
		DC5E971B17CF9D3E00D820AE /* Model.xcdatamodeld in Sources */ = {isa = PBXBuildFile; fileRef = DC5E971917CF9D3E00D820AE /* Model.xcdatamodeld */; };
		DC5E971E17CF9DA000D820AE /* NSManagedObject+NWCoreDataHelper.m in Sources */ = {isa = PBXBuildFile; fileRef = DC5E971D17CF9DA000D820AE /* NSManagedObject+NWCoreDataHelper.m */; };
		DC5E972017CF9E4A00D820AE /* CoreData.framework in Frameworks */ = {isa = PBXBuildFile; fileRef = DC5E971F17CF9E4A00D820AE /* CoreData.framework */; };
		DC5E972417D074B100D820AE /* Person.m in Sources */ = {isa = PBXBuildFile; fileRef = DC5E972317D074B100D820AE /* Person.m */; };
		DC5E972817D07DD500D820AE /* DKAScheduleVC.m in Sources */ = {isa = PBXBuildFile; fileRef = DC5E972717D07DD500D820AE /* DKAScheduleVC.m */; };
		DC5E972B17D07E9400D820AE /* DKAScheduleNavigateVC.m in Sources */ = {isa = PBXBuildFile; fileRef = DC5E972A17D07E9400D820AE /* DKAScheduleNavigateVC.m */; };
		DC5E972E17D0A9FE00D820AE /* DKAHTTPClient.m in Sources */ = {isa = PBXBuildFile; fileRef = DC5E972D17D0A9FE00D820AE /* DKAHTTPClient.m */; };
		DC5E973617D0C8F500D820AE /* CKCalendarView.m in Sources */ = {isa = PBXBuildFile; fileRef = DC5E973417D0C8F500D820AE /* CKCalendarView.m */; };
		DCB1465817E70AB100222AF6 /* DKALogOvertimeVC.m in Sources */ = {isa = PBXBuildFile; fileRef = DCB1465717E70AB100222AF6 /* DKALogOvertimeVC.m */; };
		DCB1465C17E71BBE00222AF6 /* DKAVoucherVC.m in Sources */ = {isa = PBXBuildFile; fileRef = DCB1465B17E71BBE00222AF6 /* DKAVoucherVC.m */; };
		DCB1465F17E71C5600222AF6 /* NISignatureViewQuartzQuadratic.m in Sources */ = {isa = PBXBuildFile; fileRef = DCB1465E17E71C5600222AF6 /* NISignatureViewQuartzQuadratic.m */; };
		DCB1466617E859FE00222AF6 /* Booking.m in Sources */ = {isa = PBXBuildFile; fileRef = DCB1466517E859FE00222AF6 /* Booking.m */; };
		DCD9C3DF17D4ADBD00C53EF9 /* libTestFlight.a in Frameworks */ = {isa = PBXBuildFile; fileRef = DCD9C3D917D4ADBD00C53EF9 /* libTestFlight.a */; };
		DCD9C3E017D4ADBD00C53EF9 /* README.md in Resources */ = {isa = PBXBuildFile; fileRef = DCD9C3DA17D4ADBD00C53EF9 /* README.md */; };
		DCD9C3E117D4ADBD00C53EF9 /* release_notes.md in Resources */ = {isa = PBXBuildFile; fileRef = DCD9C3DB17D4ADBD00C53EF9 /* release_notes.md */; };
		DCD9C3E317D4AE4F00C53EF9 /* AdSupport.framework in Frameworks */ = {isa = PBXBuildFile; fileRef = DCD9C3E217D4AE4F00C53EF9 /* AdSupport.framework */; };
		DCD9C3E517D4AE9300C53EF9 /* libz.dylib in Frameworks */ = {isa = PBXBuildFile; fileRef = DCD9C3E417D4AE9300C53EF9 /* libz.dylib */; };
		DCD9C41517D4B51B00C53EF9 /* calendar.png in Resources */ = {isa = PBXBuildFile; fileRef = DCD9C40617D4B51B00C53EF9 /* calendar.png */; };
		DCD9C41617D4B51B00C53EF9 /* calendar@2x.png in Resources */ = {isa = PBXBuildFile; fileRef = DCD9C40717D4B51B00C53EF9 /* calendar@2x.png */; };
		DCD9C41717D4B51B00C53EF9 /* globe.png in Resources */ = {isa = PBXBuildFile; fileRef = DCD9C40817D4B51B00C53EF9 /* globe.png */; };
		DCD9C41817D4B51B00C53EF9 /* globe@2x.png in Resources */ = {isa = PBXBuildFile; fileRef = DCD9C40917D4B51B00C53EF9 /* globe@2x.png */; };
		DCD9C41917D4B51B00C53EF9 /* logo.png in Resources */ = {isa = PBXBuildFile; fileRef = DCD9C40A17D4B51B00C53EF9 /* logo.png */; };
		DCD9C41A17D4B51B00C53EF9 /* logo@2x.png in Resources */ = {isa = PBXBuildFile; fileRef = DCD9C40B17D4B51B00C53EF9 /* logo@2x.png */; };
		DCD9C41B17D4B51B00C53EF9 /* money.png in Resources */ = {isa = PBXBuildFile; fileRef = DCD9C40C17D4B51B00C53EF9 /* money.png */; };
		DCD9C41C17D4B51B00C53EF9 /* money@2x.png in Resources */ = {isa = PBXBuildFile; fileRef = DCD9C40D17D4B51B00C53EF9 /* money@2x.png */; };
		DCD9C41D17D4B51B00C53EF9 /* phone.png in Resources */ = {isa = PBXBuildFile; fileRef = DCD9C40E17D4B51B00C53EF9 /* phone.png */; };
		DCD9C41E17D4B51B00C53EF9 /* phone@2x.png in Resources */ = {isa = PBXBuildFile; fileRef = DCD9C40F17D4B51B00C53EF9 /* phone@2x.png */; };
		DCD9C41F17D4B51B00C53EF9 /* plus.png in Resources */ = {isa = PBXBuildFile; fileRef = DCD9C41017D4B51B00C53EF9 /* plus.png */; };
		DCD9C42017D4B51B00C53EF9 /* plus@2x.png in Resources */ = {isa = PBXBuildFile; fileRef = DCD9C41117D4B51B00C53EF9 /* plus@2x.png */; };
		DCD9C42117D4B51B00C53EF9 /* search.png in Resources */ = {isa = PBXBuildFile; fileRef = DCD9C41217D4B51B00C53EF9 /* search.png */; };
		DCD9C42217D4B51B00C53EF9 /* search@2x.png in Resources */ = {isa = PBXBuildFile; fileRef = DCD9C41317D4B51B00C53EF9 /* search@2x.png */; };
		DCD9C42317D4B51B00C53EF9 /* settings@2x.png in Resources */ = {isa = PBXBuildFile; fileRef = DCD9C41417D4B51B00C53EF9 /* settings@2x.png */; };
		DCD9C42517D4B52100C53EF9 /* shedule@2x.png in Resources */ = {isa = PBXBuildFile; fileRef = DCD9C42417D4B52100C53EF9 /* shedule@2x.png */; };
		DCD9C42917D5A7DD00C53EF9 /* BookingDetails.m in Sources */ = {isa = PBXBuildFile; fileRef = DCD9C42817D5A7DD00C53EF9 /* BookingDetails.m */; };
		DCD9C43117D5AC0000C53EF9 /* CheckBox_Checked.png in Resources */ = {isa = PBXBuildFile; fileRef = DCD9C42D17D5AC0000C53EF9 /* CheckBox_Checked.png */; };
		DCD9C43217D5AC0000C53EF9 /* CheckBox_Checked@2x.png in Resources */ = {isa = PBXBuildFile; fileRef = DCD9C42E17D5AC0000C53EF9 /* CheckBox_Checked@2x.png */; };
		DCD9C43317D5AC0000C53EF9 /* CheckBox.png in Resources */ = {isa = PBXBuildFile; fileRef = DCD9C42F17D5AC0000C53EF9 /* CheckBox.png */; };
		DCD9C43417D5AC0000C53EF9 /* CheckBox@2x.png in Resources */ = {isa = PBXBuildFile; fileRef = DCD9C43017D5AC0000C53EF9 /* CheckBox@2x.png */; };
		DCD9C43917D5AEB600C53EF9 /* arrow_left.png in Resources */ = {isa = PBXBuildFile; fileRef = DCD9C43517D5AEB600C53EF9 /* arrow_left.png */; };
		DCD9C43A17D5AEB600C53EF9 /* arrow_left@2x.png in Resources */ = {isa = PBXBuildFile; fileRef = DCD9C43617D5AEB600C53EF9 /* arrow_left@2x.png */; };
		DCD9C43B17D5AEB600C53EF9 /* arrow_right.png in Resources */ = {isa = PBXBuildFile; fileRef = DCD9C43717D5AEB600C53EF9 /* arrow_right.png */; };
		DCD9C43C17D5AEB600C53EF9 /* arrow_right@2x.png in Resources */ = {isa = PBXBuildFile; fileRef = DCD9C43817D5AEB600C53EF9 /* arrow_right@2x.png */; };
		DCD9C44017D5BECA00C53EF9 /* ClientContactPerson.m in Sources */ = {isa = PBXBuildFile; fileRef = DCD9C43F17D5BECA00C53EF9 /* ClientContactPerson.m */; };
		DCD9C44617D5E79200C53EF9 /* DKATabBarVC.m in Sources */ = {isa = PBXBuildFile; fileRef = DCD9C44517D5E79200C53EF9 /* DKATabBarVC.m */; };
		DCD9C44817D5F13700C53EF9 /* MapKit.framework in Frameworks */ = {isa = PBXBuildFile; fileRef = DCD9C44717D5F13700C53EF9 /* MapKit.framework */; };
		DCD9C44C17D5F20400C53EF9 /* MJ_80.png in Resources */ = {isa = PBXBuildFile; fileRef = DCD9C44917D5F20400C53EF9 /* MJ_80.png */; };
		DCD9C44D17D5F20400C53EF9 /* MJ_120.png in Resources */ = {isa = PBXBuildFile; fileRef = DCD9C44A17D5F20400C53EF9 /* MJ_120.png */; };
		DCD9C44E17D5F20400C53EF9 /* MJ_58.png in Resources */ = {isa = PBXBuildFile; fileRef = DCD9C44B17D5F20400C53EF9 /* MJ_58.png */; };
		DCD9C45117D64FFA00C53EF9 /* UILabel+Boldify.m in Sources */ = {isa = PBXBuildFile; fileRef = DCD9C45017D64FFA00C53EF9 /* UILabel+Boldify.m */; };
		DCD9C45517D7299600C53EF9 /* Client.m in Sources */ = {isa = PBXBuildFile; fileRef = DCD9C45417D7299600C53EF9 /* Client.m */; };
		DCD9C45C17D7593F00C53EF9 /* NSDate-Utilities.m in Sources */ = {isa = PBXBuildFile; fileRef = DCD9C45B17D7593F00C53EF9 /* NSDate-Utilities.m */; };
		DCD9C46917D7669700C53EF9 /* check-box.png in Resources */ = {isa = PBXBuildFile; fileRef = DCD9C46517D7669700C53EF9 /* check-box.png */; };
		DCD9C46A17D7669700C53EF9 /* check-box@2x.png in Resources */ = {isa = PBXBuildFile; fileRef = DCD9C46617D7669700C53EF9 /* check-box@2x.png */; };
		DCD9C46B17D7669700C53EF9 /* checked.png in Resources */ = {isa = PBXBuildFile; fileRef = DCD9C46717D7669700C53EF9 /* checked.png */; };
		DCD9C46C17D7669700C53EF9 /* checked@2x.png in Resources */ = {isa = PBXBuildFile; fileRef = DCD9C46817D7669700C53EF9 /* checked@2x.png */; };
		DCE3FE9417EAD11A0071109E /* Sequencer.m in Sources */ = {isa = PBXBuildFile; fileRef = DCE3FE9317EAD11A0071109E /* Sequencer.m */; };
		DCE3FE9B17EB00F30071109E /* DKABillingNavigateVC.m in Sources */ = {isa = PBXBuildFile; fileRef = DCE3FE9A17EB00F30071109E /* DKABillingNavigateVC.m */; };
		DCE3FE9E17EB02880071109E /* DKABillingsVC.m in Sources */ = {isa = PBXBuildFile; fileRef = DCE3FE9D17EB02880071109E /* DKABillingsVC.m */; };
		DCF51BE117D4909A0099795E /* DKADetailsVC.m in Sources */ = {isa = PBXBuildFile; fileRef = DCF51BE017D4909A0099795E /* DKADetailsVC.m */; };
/* End PBXBuildFile section */

/* Begin PBXContainerItemProxy section */
		DC5E96D717CE262700D820AE /* PBXContainerItemProxy */ = {
			isa = PBXContainerItemProxy;
			containerPortal = DC5E96A617CE262700D820AE /* Project object */;
			proxyType = 1;
			remoteGlobalIDString = DC5E96AD17CE262700D820AE;
			remoteInfo = ModelJuice;
		};
/* End PBXContainerItemProxy section */

/* Begin PBXFileReference section */
		DC0067D417F05B8B0048A93E /* MBProgressHUD.h */ = {isa = PBXFileReference; fileEncoding = 4; lastKnownFileType = sourcecode.c.h; path = MBProgressHUD.h; sourceTree = "<group>"; };
		DC0067D517F05B8B0048A93E /* MBProgressHUD.m */ = {isa = PBXFileReference; fileEncoding = 4; lastKnownFileType = sourcecode.c.objc; path = MBProgressHUD.m; sourceTree = "<group>"; };
		DC006DDB17D49D9400E028A5 /* Model 3.xcdatamodel */ = {isa = PBXFileReference; lastKnownFileType = wrapper.xcdatamodel; path = "Model 3.xcdatamodel"; sourceTree = "<group>"; };
		DC5E96AE17CE262700D820AE /* ModelJuice.app */ = {isa = PBXFileReference; explicitFileType = wrapper.application; includeInIndex = 0; path = ModelJuice.app; sourceTree = BUILT_PRODUCTS_DIR; };
		DC5E96B117CE262700D820AE /* Foundation.framework */ = {isa = PBXFileReference; lastKnownFileType = wrapper.framework; name = Foundation.framework; path = System/Library/Frameworks/Foundation.framework; sourceTree = SDKROOT; };
		DC5E96B317CE262700D820AE /* CoreGraphics.framework */ = {isa = PBXFileReference; lastKnownFileType = wrapper.framework; name = CoreGraphics.framework; path = System/Library/Frameworks/CoreGraphics.framework; sourceTree = SDKROOT; };
		DC5E96B517CE262700D820AE /* UIKit.framework */ = {isa = PBXFileReference; lastKnownFileType = wrapper.framework; name = UIKit.framework; path = System/Library/Frameworks/UIKit.framework; sourceTree = SDKROOT; };
		DC5E96B917CE262700D820AE /* ModelJuice-Info.plist */ = {isa = PBXFileReference; lastKnownFileType = text.plist.xml; path = "ModelJuice-Info.plist"; sourceTree = "<group>"; };
		DC5E96BB17CE262700D820AE /* en */ = {isa = PBXFileReference; lastKnownFileType = text.plist.strings; name = en; path = en.lproj/InfoPlist.strings; sourceTree = "<group>"; };
		DC5E96BD17CE262700D820AE /* main.m */ = {isa = PBXFileReference; lastKnownFileType = sourcecode.c.objc; path = main.m; sourceTree = "<group>"; };
		DC5E96BF17CE262700D820AE /* ModelJuice-Prefix.pch */ = {isa = PBXFileReference; lastKnownFileType = sourcecode.c.h; path = "ModelJuice-Prefix.pch"; sourceTree = "<group>"; };
		DC5E96C017CE262700D820AE /* DKAAppDelegate.h */ = {isa = PBXFileReference; lastKnownFileType = sourcecode.c.h; path = DKAAppDelegate.h; sourceTree = "<group>"; };
		DC5E96C117CE262700D820AE /* DKAAppDelegate.m */ = {isa = PBXFileReference; lastKnownFileType = sourcecode.c.objc; path = DKAAppDelegate.m; sourceTree = "<group>"; };
		DC5E96C417CE262700D820AE /* Base */ = {isa = PBXFileReference; lastKnownFileType = file.storyboard; name = Base; path = Base.lproj/Main.storyboard; sourceTree = "<group>"; };
		DC5E96C617CE262700D820AE /* DKAFirstViewController.h */ = {isa = PBXFileReference; lastKnownFileType = sourcecode.c.h; path = DKAFirstViewController.h; sourceTree = "<group>"; };
		DC5E96C717CE262700D820AE /* DKAFirstViewController.m */ = {isa = PBXFileReference; lastKnownFileType = sourcecode.c.objc; path = DKAFirstViewController.m; sourceTree = "<group>"; };
		DC5E96C917CE262700D820AE /* DKASecondViewController.h */ = {isa = PBXFileReference; lastKnownFileType = sourcecode.c.h; path = DKASecondViewController.h; sourceTree = "<group>"; };
		DC5E96CA17CE262700D820AE /* DKASecondViewController.m */ = {isa = PBXFileReference; lastKnownFileType = sourcecode.c.objc; path = DKASecondViewController.m; sourceTree = "<group>"; };
		DC5E96CC17CE262700D820AE /* Images.xcassets */ = {isa = PBXFileReference; lastKnownFileType = folder.assetcatalog; path = Images.xcassets; sourceTree = "<group>"; };
		DC5E96D217CE262700D820AE /* ModelJuiceTests.xctest */ = {isa = PBXFileReference; explicitFileType = wrapper.cfbundle; includeInIndex = 0; path = ModelJuiceTests.xctest; sourceTree = BUILT_PRODUCTS_DIR; };
		DC5E96D317CE262700D820AE /* XCTest.framework */ = {isa = PBXFileReference; lastKnownFileType = wrapper.framework; name = XCTest.framework; path = Library/Frameworks/XCTest.framework; sourceTree = DEVELOPER_DIR; };
		DC5E96DB17CE262700D820AE /* ModelJuiceTests-Info.plist */ = {isa = PBXFileReference; lastKnownFileType = text.plist.xml; path = "ModelJuiceTests-Info.plist"; sourceTree = "<group>"; };
		DC5E96DD17CE262700D820AE /* en */ = {isa = PBXFileReference; lastKnownFileType = text.plist.strings; name = en; path = en.lproj/InfoPlist.strings; sourceTree = "<group>"; };
		DC5E96DF17CE262700D820AE /* ModelJuiceTests.m */ = {isa = PBXFileReference; lastKnownFileType = sourcecode.c.objc; path = ModelJuiceTests.m; sourceTree = "<group>"; };
		DC5E96F217CF29B300D820AE /* DKALoginVC.h */ = {isa = PBXFileReference; fileEncoding = 4; lastKnownFileType = sourcecode.c.h; path = DKALoginVC.h; sourceTree = "<group>"; };
		DC5E96F317CF29B300D820AE /* DKALoginVC.m */ = {isa = PBXFileReference; fileEncoding = 4; lastKnownFileType = sourcecode.c.objc; path = DKALoginVC.m; sourceTree = "<group>"; };
		DC5E96F517CF497F00D820AE /* QuartzCore.framework */ = {isa = PBXFileReference; lastKnownFileType = wrapper.framework; name = QuartzCore.framework; path = System/Library/Frameworks/QuartzCore.framework; sourceTree = SDKROOT; };
		DC5E96FA17CF4E7F00D820AE /* AFHTTPClient.h */ = {isa = PBXFileReference; fileEncoding = 4; lastKnownFileType = sourcecode.c.h; path = AFHTTPClient.h; sourceTree = "<group>"; };
		DC5E96FB17CF4E7F00D820AE /* AFHTTPClient.m */ = {isa = PBXFileReference; fileEncoding = 4; lastKnownFileType = sourcecode.c.objc; path = AFHTTPClient.m; sourceTree = "<group>"; };
		DC5E96FC17CF4E7F00D820AE /* AFHTTPRequestOperation.h */ = {isa = PBXFileReference; fileEncoding = 4; lastKnownFileType = sourcecode.c.h; path = AFHTTPRequestOperation.h; sourceTree = "<group>"; };
		DC5E96FD17CF4E7F00D820AE /* AFHTTPRequestOperation.m */ = {isa = PBXFileReference; fileEncoding = 4; lastKnownFileType = sourcecode.c.objc; path = AFHTTPRequestOperation.m; sourceTree = "<group>"; };
		DC5E96FE17CF4E7F00D820AE /* AFImageRequestOperation.h */ = {isa = PBXFileReference; fileEncoding = 4; lastKnownFileType = sourcecode.c.h; path = AFImageRequestOperation.h; sourceTree = "<group>"; };
		DC5E96FF17CF4E7F00D820AE /* AFImageRequestOperation.m */ = {isa = PBXFileReference; fileEncoding = 4; lastKnownFileType = sourcecode.c.objc; path = AFImageRequestOperation.m; sourceTree = "<group>"; };
		DC5E970017CF4E7F00D820AE /* AFJSONRequestOperation.h */ = {isa = PBXFileReference; fileEncoding = 4; lastKnownFileType = sourcecode.c.h; path = AFJSONRequestOperation.h; sourceTree = "<group>"; };
		DC5E970117CF4E7F00D820AE /* AFJSONRequestOperation.m */ = {isa = PBXFileReference; fileEncoding = 4; lastKnownFileType = sourcecode.c.objc; path = AFJSONRequestOperation.m; sourceTree = "<group>"; };
		DC5E970217CF4E7F00D820AE /* AFNetworkActivityIndicatorManager.h */ = {isa = PBXFileReference; fileEncoding = 4; lastKnownFileType = sourcecode.c.h; path = AFNetworkActivityIndicatorManager.h; sourceTree = "<group>"; };
		DC5E970317CF4E7F00D820AE /* AFNetworkActivityIndicatorManager.m */ = {isa = PBXFileReference; fileEncoding = 4; lastKnownFileType = sourcecode.c.objc; path = AFNetworkActivityIndicatorManager.m; sourceTree = "<group>"; };
		DC5E970417CF4E7F00D820AE /* AFNetworking.h */ = {isa = PBXFileReference; fileEncoding = 4; lastKnownFileType = sourcecode.c.h; path = AFNetworking.h; sourceTree = "<group>"; };
		DC5E970517CF4E7F00D820AE /* AFPropertyListRequestOperation.h */ = {isa = PBXFileReference; fileEncoding = 4; lastKnownFileType = sourcecode.c.h; path = AFPropertyListRequestOperation.h; sourceTree = "<group>"; };
		DC5E970617CF4E7F00D820AE /* AFPropertyListRequestOperation.m */ = {isa = PBXFileReference; fileEncoding = 4; lastKnownFileType = sourcecode.c.objc; path = AFPropertyListRequestOperation.m; sourceTree = "<group>"; };
		DC5E970717CF4E7F00D820AE /* AFURLConnectionOperation.h */ = {isa = PBXFileReference; fileEncoding = 4; lastKnownFileType = sourcecode.c.h; path = AFURLConnectionOperation.h; sourceTree = "<group>"; };
		DC5E970817CF4E7F00D820AE /* AFURLConnectionOperation.m */ = {isa = PBXFileReference; fileEncoding = 4; lastKnownFileType = sourcecode.c.objc; path = AFURLConnectionOperation.m; sourceTree = "<group>"; };
		DC5E970917CF4E7F00D820AE /* AFXMLRequestOperation.h */ = {isa = PBXFileReference; fileEncoding = 4; lastKnownFileType = sourcecode.c.h; path = AFXMLRequestOperation.h; sourceTree = "<group>"; };
		DC5E970A17CF4E7F00D820AE /* AFXMLRequestOperation.m */ = {isa = PBXFileReference; fileEncoding = 4; lastKnownFileType = sourcecode.c.objc; path = AFXMLRequestOperation.m; sourceTree = "<group>"; };
		DC5E970B17CF4E7F00D820AE /* UIImageView+AFNetworking.h */ = {isa = PBXFileReference; fileEncoding = 4; lastKnownFileType = sourcecode.c.h; path = "UIImageView+AFNetworking.h"; sourceTree = "<group>"; };
		DC5E970C17CF4E7F00D820AE /* UIImageView+AFNetworking.m */ = {isa = PBXFileReference; fileEncoding = 4; lastKnownFileType = sourcecode.c.objc; path = "UIImageView+AFNetworking.m"; sourceTree = "<group>"; };
		DC5E971617CF4EBB00D820AE /* DKAHelper.h */ = {isa = PBXFileReference; fileEncoding = 4; lastKnownFileType = sourcecode.c.h; path = DKAHelper.h; sourceTree = "<group>"; };
		DC5E971717CF4EBB00D820AE /* DKAHelper.m */ = {isa = PBXFileReference; fileEncoding = 4; lastKnownFileType = sourcecode.c.objc; path = DKAHelper.m; sourceTree = "<group>"; };
		DC5E971A17CF9D3E00D820AE /* Model.xcdatamodel */ = {isa = PBXFileReference; lastKnownFileType = wrapper.xcdatamodel; path = Model.xcdatamodel; sourceTree = "<group>"; };
		DC5E971C17CF9DA000D820AE /* NSManagedObject+NWCoreDataHelper.h */ = {isa = PBXFileReference; fileEncoding = 4; lastKnownFileType = sourcecode.c.h; path = "NSManagedObject+NWCoreDataHelper.h"; sourceTree = "<group>"; };
		DC5E971D17CF9DA000D820AE /* NSManagedObject+NWCoreDataHelper.m */ = {isa = PBXFileReference; fileEncoding = 4; lastKnownFileType = sourcecode.c.objc; path = "NSManagedObject+NWCoreDataHelper.m"; sourceTree = "<group>"; };
		DC5E971F17CF9E4A00D820AE /* CoreData.framework */ = {isa = PBXFileReference; lastKnownFileType = wrapper.framework; name = CoreData.framework; path = System/Library/Frameworks/CoreData.framework; sourceTree = SDKROOT; };
		DC5E972217D074B100D820AE /* Person.h */ = {isa = PBXFileReference; fileEncoding = 4; lastKnownFileType = sourcecode.c.h; path = Person.h; sourceTree = "<group>"; };
		DC5E972317D074B100D820AE /* Person.m */ = {isa = PBXFileReference; fileEncoding = 4; lastKnownFileType = sourcecode.c.objc; path = Person.m; sourceTree = "<group>"; };
		DC5E972617D07DD500D820AE /* DKAScheduleVC.h */ = {isa = PBXFileReference; fileEncoding = 4; lastKnownFileType = sourcecode.c.h; path = DKAScheduleVC.h; sourceTree = "<group>"; };
		DC5E972717D07DD500D820AE /* DKAScheduleVC.m */ = {isa = PBXFileReference; fileEncoding = 4; lastKnownFileType = sourcecode.c.objc; path = DKAScheduleVC.m; sourceTree = "<group>"; };
		DC5E972917D07E9400D820AE /* DKAScheduleNavigateVC.h */ = {isa = PBXFileReference; fileEncoding = 4; lastKnownFileType = sourcecode.c.h; path = DKAScheduleNavigateVC.h; sourceTree = "<group>"; };
		DC5E972A17D07E9400D820AE /* DKAScheduleNavigateVC.m */ = {isa = PBXFileReference; fileEncoding = 4; lastKnownFileType = sourcecode.c.objc; path = DKAScheduleNavigateVC.m; sourceTree = "<group>"; };
		DC5E972C17D0A9FE00D820AE /* DKAHTTPClient.h */ = {isa = PBXFileReference; fileEncoding = 4; lastKnownFileType = sourcecode.c.h; path = DKAHTTPClient.h; sourceTree = "<group>"; };
		DC5E972D17D0A9FE00D820AE /* DKAHTTPClient.m */ = {isa = PBXFileReference; fileEncoding = 4; lastKnownFileType = sourcecode.c.objc; path = DKAHTTPClient.m; sourceTree = "<group>"; };
		DC5E972F17D0B34F00D820AE /* Model 2.xcdatamodel */ = {isa = PBXFileReference; lastKnownFileType = wrapper.xcdatamodel; path = "Model 2.xcdatamodel"; sourceTree = "<group>"; };
		DC5E973417D0C8F500D820AE /* CKCalendarView.m */ = {isa = PBXFileReference; fileEncoding = 4; lastKnownFileType = sourcecode.c.objc; path = CKCalendarView.m; sourceTree = "<group>"; };
		DC5E973517D0C8F500D820AE /* CKCalendarView.h */ = {isa = PBXFileReference; fileEncoding = 4; lastKnownFileType = sourcecode.c.h; path = CKCalendarView.h; sourceTree = "<group>"; };
		DC5E974017D1B8A100D820AE /* DKADefines.h */ = {isa = PBXFileReference; fileEncoding = 4; lastKnownFileType = sourcecode.c.h; path = DKADefines.h; sourceTree = "<group>"; };
		DCB1465617E70AB100222AF6 /* DKALogOvertimeVC.h */ = {isa = PBXFileReference; fileEncoding = 4; lastKnownFileType = sourcecode.c.h; path = DKALogOvertimeVC.h; sourceTree = "<group>"; };
		DCB1465717E70AB100222AF6 /* DKALogOvertimeVC.m */ = {isa = PBXFileReference; fileEncoding = 4; lastKnownFileType = sourcecode.c.objc; path = DKALogOvertimeVC.m; sourceTree = "<group>"; };
		DCB1465A17E71BBE00222AF6 /* DKAVoucherVC.h */ = {isa = PBXFileReference; fileEncoding = 4; lastKnownFileType = sourcecode.c.h; path = DKAVoucherVC.h; sourceTree = "<group>"; };
		DCB1465B17E71BBE00222AF6 /* DKAVoucherVC.m */ = {isa = PBXFileReference; fileEncoding = 4; lastKnownFileType = sourcecode.c.objc; path = DKAVoucherVC.m; sourceTree = "<group>"; };
		DCB1465D17E71C5600222AF6 /* NISignatureViewQuartzQuadratic.h */ = {isa = PBXFileReference; fileEncoding = 4; lastKnownFileType = sourcecode.c.h; path = NISignatureViewQuartzQuadratic.h; sourceTree = "<group>"; };
		DCB1465E17E71C5600222AF6 /* NISignatureViewQuartzQuadratic.m */ = {isa = PBXFileReference; fileEncoding = 4; lastKnownFileType = sourcecode.c.objc; path = NISignatureViewQuartzQuadratic.m; sourceTree = "<group>"; };
		DCB1466017E8594100222AF6 /* Model 7.xcdatamodel */ = {isa = PBXFileReference; lastKnownFileType = wrapper.xcdatamodel; path = "Model 7.xcdatamodel"; sourceTree = "<group>"; };
		DCB1466417E859FE00222AF6 /* Booking.h */ = {isa = PBXFileReference; fileEncoding = 4; lastKnownFileType = sourcecode.c.h; path = Booking.h; sourceTree = "<group>"; };
		DCB1466517E859FE00222AF6 /* Booking.m */ = {isa = PBXFileReference; fileEncoding = 4; lastKnownFileType = sourcecode.c.objc; path = Booking.m; sourceTree = "<group>"; };
		DCB1466717E85DB000222AF6 /* Model 8.xcdatamodel */ = {isa = PBXFileReference; lastKnownFileType = wrapper.xcdatamodel; path = "Model 8.xcdatamodel"; sourceTree = "<group>"; };
		DCD9C3D917D4ADBD00C53EF9 /* libTestFlight.a */ = {isa = PBXFileReference; lastKnownFileType = archive.ar; path = libTestFlight.a; sourceTree = "<group>"; };
		DCD9C3DA17D4ADBD00C53EF9 /* README.md */ = {isa = PBXFileReference; fileEncoding = 4; lastKnownFileType = text; path = README.md; sourceTree = "<group>"; };
		DCD9C3DB17D4ADBD00C53EF9 /* release_notes.md */ = {isa = PBXFileReference; fileEncoding = 4; lastKnownFileType = text; path = release_notes.md; sourceTree = "<group>"; };
		DCD9C3DC17D4ADBD00C53EF9 /* TestFlight.h */ = {isa = PBXFileReference; fileEncoding = 4; lastKnownFileType = sourcecode.c.h; path = TestFlight.h; sourceTree = "<group>"; };
		DCD9C3DD17D4ADBD00C53EF9 /* TestFlight+AsyncLogging.h */ = {isa = PBXFileReference; fileEncoding = 4; lastKnownFileType = sourcecode.c.h; path = "TestFlight+AsyncLogging.h"; sourceTree = "<group>"; };
		DCD9C3DE17D4ADBD00C53EF9 /* TestFlight+ManualSessions.h */ = {isa = PBXFileReference; fileEncoding = 4; lastKnownFileType = sourcecode.c.h; path = "TestFlight+ManualSessions.h"; sourceTree = "<group>"; };
		DCD9C3E217D4AE4F00C53EF9 /* AdSupport.framework */ = {isa = PBXFileReference; lastKnownFileType = wrapper.framework; name = AdSupport.framework; path = System/Library/Frameworks/AdSupport.framework; sourceTree = SDKROOT; };
		DCD9C3E417D4AE9300C53EF9 /* libz.dylib */ = {isa = PBXFileReference; lastKnownFileType = "compiled.mach-o.dylib"; name = libz.dylib; path = usr/lib/libz.dylib; sourceTree = SDKROOT; };
		DCD9C40617D4B51B00C53EF9 /* calendar.png */ = {isa = PBXFileReference; lastKnownFileType = image.png; path = calendar.png; sourceTree = "<group>"; };
		DCD9C40717D4B51B00C53EF9 /* calendar@2x.png */ = {isa = PBXFileReference; lastKnownFileType = image.png; path = "calendar@2x.png"; sourceTree = "<group>"; };
		DCD9C40817D4B51B00C53EF9 /* globe.png */ = {isa = PBXFileReference; lastKnownFileType = image.png; path = globe.png; sourceTree = "<group>"; };
		DCD9C40917D4B51B00C53EF9 /* globe@2x.png */ = {isa = PBXFileReference; lastKnownFileType = image.png; path = "globe@2x.png"; sourceTree = "<group>"; };
		DCD9C40A17D4B51B00C53EF9 /* logo.png */ = {isa = PBXFileReference; lastKnownFileType = image.png; path = logo.png; sourceTree = "<group>"; };
		DCD9C40B17D4B51B00C53EF9 /* logo@2x.png */ = {isa = PBXFileReference; lastKnownFileType = image.png; path = "logo@2x.png"; sourceTree = "<group>"; };
		DCD9C40C17D4B51B00C53EF9 /* money.png */ = {isa = PBXFileReference; lastKnownFileType = image.png; path = money.png; sourceTree = "<group>"; };
		DCD9C40D17D4B51B00C53EF9 /* money@2x.png */ = {isa = PBXFileReference; lastKnownFileType = image.png; path = "money@2x.png"; sourceTree = "<group>"; };
		DCD9C40E17D4B51B00C53EF9 /* phone.png */ = {isa = PBXFileReference; lastKnownFileType = image.png; path = phone.png; sourceTree = "<group>"; };
		DCD9C40F17D4B51B00C53EF9 /* phone@2x.png */ = {isa = PBXFileReference; lastKnownFileType = image.png; path = "phone@2x.png"; sourceTree = "<group>"; };
		DCD9C41017D4B51B00C53EF9 /* plus.png */ = {isa = PBXFileReference; lastKnownFileType = image.png; path = plus.png; sourceTree = "<group>"; };
		DCD9C41117D4B51B00C53EF9 /* plus@2x.png */ = {isa = PBXFileReference; lastKnownFileType = image.png; path = "plus@2x.png"; sourceTree = "<group>"; };
		DCD9C41217D4B51B00C53EF9 /* search.png */ = {isa = PBXFileReference; lastKnownFileType = image.png; path = search.png; sourceTree = "<group>"; };
		DCD9C41317D4B51B00C53EF9 /* search@2x.png */ = {isa = PBXFileReference; lastKnownFileType = image.png; path = "search@2x.png"; sourceTree = "<group>"; };
		DCD9C41417D4B51B00C53EF9 /* settings@2x.png */ = {isa = PBXFileReference; lastKnownFileType = image.png; path = "settings@2x.png"; sourceTree = "<group>"; };
		DCD9C42417D4B52100C53EF9 /* shedule@2x.png */ = {isa = PBXFileReference; lastKnownFileType = image.png; path = "shedule@2x.png"; sourceTree = "<group>"; };
		DCD9C42617D5A73B00C53EF9 /* Model 4.xcdatamodel */ = {isa = PBXFileReference; lastKnownFileType = wrapper.xcdatamodel; path = "Model 4.xcdatamodel"; sourceTree = "<group>"; };
		DCD9C42717D5A7DD00C53EF9 /* BookingDetails.h */ = {isa = PBXFileReference; fileEncoding = 4; lastKnownFileType = sourcecode.c.h; path = BookingDetails.h; sourceTree = "<group>"; };
		DCD9C42817D5A7DD00C53EF9 /* BookingDetails.m */ = {isa = PBXFileReference; fileEncoding = 4; lastKnownFileType = sourcecode.c.objc; path = BookingDetails.m; sourceTree = "<group>"; };
		DCD9C42D17D5AC0000C53EF9 /* CheckBox_Checked.png */ = {isa = PBXFileReference; lastKnownFileType = image.png; path = CheckBox_Checked.png; sourceTree = "<group>"; };
		DCD9C42E17D5AC0000C53EF9 /* CheckBox_Checked@2x.png */ = {isa = PBXFileReference; lastKnownFileType = image.png; path = "CheckBox_Checked@2x.png"; sourceTree = "<group>"; };
		DCD9C42F17D5AC0000C53EF9 /* CheckBox.png */ = {isa = PBXFileReference; lastKnownFileType = image.png; path = CheckBox.png; sourceTree = "<group>"; };
		DCD9C43017D5AC0000C53EF9 /* CheckBox@2x.png */ = {isa = PBXFileReference; lastKnownFileType = image.png; path = "CheckBox@2x.png"; sourceTree = "<group>"; };
		DCD9C43517D5AEB600C53EF9 /* arrow_left.png */ = {isa = PBXFileReference; lastKnownFileType = image.png; path = arrow_left.png; sourceTree = "<group>"; };
		DCD9C43617D5AEB600C53EF9 /* arrow_left@2x.png */ = {isa = PBXFileReference; lastKnownFileType = image.png; path = "arrow_left@2x.png"; sourceTree = "<group>"; };
		DCD9C43717D5AEB600C53EF9 /* arrow_right.png */ = {isa = PBXFileReference; lastKnownFileType = image.png; path = arrow_right.png; sourceTree = "<group>"; };
		DCD9C43817D5AEB600C53EF9 /* arrow_right@2x.png */ = {isa = PBXFileReference; lastKnownFileType = image.png; path = "arrow_right@2x.png"; sourceTree = "<group>"; };
		DCD9C43D17D5BDBB00C53EF9 /* Model 5.xcdatamodel */ = {isa = PBXFileReference; lastKnownFileType = wrapper.xcdatamodel; path = "Model 5.xcdatamodel"; sourceTree = "<group>"; };
		DCD9C43E17D5BECA00C53EF9 /* ClientContactPerson.h */ = {isa = PBXFileReference; fileEncoding = 4; lastKnownFileType = sourcecode.c.h; path = ClientContactPerson.h; sourceTree = "<group>"; };
		DCD9C43F17D5BECA00C53EF9 /* ClientContactPerson.m */ = {isa = PBXFileReference; fileEncoding = 4; lastKnownFileType = sourcecode.c.objc; path = ClientContactPerson.m; sourceTree = "<group>"; };
		DCD9C44417D5E79200C53EF9 /* DKATabBarVC.h */ = {isa = PBXFileReference; fileEncoding = 4; lastKnownFileType = sourcecode.c.h; path = DKATabBarVC.h; sourceTree = "<group>"; };
		DCD9C44517D5E79200C53EF9 /* DKATabBarVC.m */ = {isa = PBXFileReference; fileEncoding = 4; lastKnownFileType = sourcecode.c.objc; path = DKATabBarVC.m; sourceTree = "<group>"; };
		DCD9C44717D5F13700C53EF9 /* MapKit.framework */ = {isa = PBXFileReference; lastKnownFileType = wrapper.framework; name = MapKit.framework; path = System/Library/Frameworks/MapKit.framework; sourceTree = SDKROOT; };
		DCD9C44917D5F20400C53EF9 /* MJ_80.png */ = {isa = PBXFileReference; lastKnownFileType = image.png; path = MJ_80.png; sourceTree = "<group>"; };
		DCD9C44A17D5F20400C53EF9 /* MJ_120.png */ = {isa = PBXFileReference; lastKnownFileType = image.png; path = MJ_120.png; sourceTree = "<group>"; };
		DCD9C44B17D5F20400C53EF9 /* MJ_58.png */ = {isa = PBXFileReference; lastKnownFileType = image.png; path = MJ_58.png; sourceTree = "<group>"; };
		DCD9C44F17D64FFA00C53EF9 /* UILabel+Boldify.h */ = {isa = PBXFileReference; fileEncoding = 4; lastKnownFileType = sourcecode.c.h; path = "UILabel+Boldify.h"; sourceTree = "<group>"; };
		DCD9C45017D64FFA00C53EF9 /* UILabel+Boldify.m */ = {isa = PBXFileReference; fileEncoding = 4; lastKnownFileType = sourcecode.c.objc; path = "UILabel+Boldify.m"; sourceTree = "<group>"; };
		DCD9C45217D7295E00C53EF9 /* Model 6.xcdatamodel */ = {isa = PBXFileReference; lastKnownFileType = wrapper.xcdatamodel; path = "Model 6.xcdatamodel"; sourceTree = "<group>"; };
		DCD9C45317D7299600C53EF9 /* Client.h */ = {isa = PBXFileReference; fileEncoding = 4; lastKnownFileType = sourcecode.c.h; path = Client.h; sourceTree = "<group>"; };
		DCD9C45417D7299600C53EF9 /* Client.m */ = {isa = PBXFileReference; fileEncoding = 4; lastKnownFileType = sourcecode.c.objc; path = Client.m; sourceTree = "<group>"; };
		DCD9C45A17D7593F00C53EF9 /* NSDate-Utilities.h */ = {isa = PBXFileReference; fileEncoding = 4; lastKnownFileType = sourcecode.c.h; path = "NSDate-Utilities.h"; sourceTree = "<group>"; };
		DCD9C45B17D7593F00C53EF9 /* NSDate-Utilities.m */ = {isa = PBXFileReference; fileEncoding = 4; lastKnownFileType = sourcecode.c.objc; path = "NSDate-Utilities.m"; sourceTree = "<group>"; };
		DCD9C46517D7669700C53EF9 /* check-box.png */ = {isa = PBXFileReference; lastKnownFileType = image.png; path = "check-box.png"; sourceTree = "<group>"; };
		DCD9C46617D7669700C53EF9 /* check-box@2x.png */ = {isa = PBXFileReference; lastKnownFileType = image.png; path = "check-box@2x.png"; sourceTree = "<group>"; };
		DCD9C46717D7669700C53EF9 /* checked.png */ = {isa = PBXFileReference; lastKnownFileType = image.png; path = checked.png; sourceTree = "<group>"; };
		DCD9C46817D7669700C53EF9 /* checked@2x.png */ = {isa = PBXFileReference; lastKnownFileType = image.png; path = "checked@2x.png"; sourceTree = "<group>"; };
		DCE3FE9217EAD11A0071109E /* Sequencer.h */ = {isa = PBXFileReference; fileEncoding = 4; lastKnownFileType = sourcecode.c.h; path = Sequencer.h; sourceTree = "<group>"; };
		DCE3FE9317EAD11A0071109E /* Sequencer.m */ = {isa = PBXFileReference; fileEncoding = 4; lastKnownFileType = sourcecode.c.objc; path = Sequencer.m; sourceTree = "<group>"; };
		DCE3FE9917EB00F30071109E /* DKABillingNavigateVC.h */ = {isa = PBXFileReference; fileEncoding = 4; lastKnownFileType = sourcecode.c.h; path = DKABillingNavigateVC.h; sourceTree = "<group>"; };
		DCE3FE9A17EB00F30071109E /* DKABillingNavigateVC.m */ = {isa = PBXFileReference; fileEncoding = 4; lastKnownFileType = sourcecode.c.objc; path = DKABillingNavigateVC.m; sourceTree = "<group>"; };
		DCE3FE9C17EB02880071109E /* DKABillingsVC.h */ = {isa = PBXFileReference; fileEncoding = 4; lastKnownFileType = sourcecode.c.h; path = DKABillingsVC.h; sourceTree = "<group>"; };
		DCE3FE9D17EB02880071109E /* DKABillingsVC.m */ = {isa = PBXFileReference; fileEncoding = 4; lastKnownFileType = sourcecode.c.objc; path = DKABillingsVC.m; sourceTree = "<group>"; };
		DCF51BDF17D4909A0099795E /* DKADetailsVC.h */ = {isa = PBXFileReference; fileEncoding = 4; lastKnownFileType = sourcecode.c.h; path = DKADetailsVC.h; sourceTree = "<group>"; };
		DCF51BE017D4909A0099795E /* DKADetailsVC.m */ = {isa = PBXFileReference; fileEncoding = 4; lastKnownFileType = sourcecode.c.objc; path = DKADetailsVC.m; sourceTree = "<group>"; };
/* End PBXFileReference section */

/* Begin PBXFrameworksBuildPhase section */
		DC5E96AB17CE262700D820AE /* Frameworks */ = {
			isa = PBXFrameworksBuildPhase;
			buildActionMask = 2147483647;
			files = (
				DCD9C44817D5F13700C53EF9 /* MapKit.framework in Frameworks */,
				DCD9C3E517D4AE9300C53EF9 /* libz.dylib in Frameworks */,
				DCD9C3E317D4AE4F00C53EF9 /* AdSupport.framework in Frameworks */,
				DC5E972017CF9E4A00D820AE /* CoreData.framework in Frameworks */,
				DC5E96F617CF497F00D820AE /* QuartzCore.framework in Frameworks */,
				DC5E96B417CE262700D820AE /* CoreGraphics.framework in Frameworks */,
				DCD9C3DF17D4ADBD00C53EF9 /* libTestFlight.a in Frameworks */,
				DC5E96B617CE262700D820AE /* UIKit.framework in Frameworks */,
				DC5E96B217CE262700D820AE /* Foundation.framework in Frameworks */,
			);
			runOnlyForDeploymentPostprocessing = 0;
		};
		DC5E96CF17CE262700D820AE /* Frameworks */ = {
			isa = PBXFrameworksBuildPhase;
			buildActionMask = 2147483647;
			files = (
				DC5E96D417CE262700D820AE /* XCTest.framework in Frameworks */,
				DC5E96D617CE262700D820AE /* UIKit.framework in Frameworks */,
				DC5E96D517CE262700D820AE /* Foundation.framework in Frameworks */,
			);
			runOnlyForDeploymentPostprocessing = 0;
		};
/* End PBXFrameworksBuildPhase section */

/* Begin PBXGroup section */
		DC5E96A517CE262700D820AE = {
			isa = PBXGroup;
			children = (
				DC5E96B717CE262700D820AE /* ModelJuice */,
				DC5E96D917CE262700D820AE /* ModelJuiceTests */,
				DC5E96B017CE262700D820AE /* Frameworks */,
				DC5E96AF17CE262700D820AE /* Products */,
			);
			sourceTree = "<group>";
		};
		DC5E96AF17CE262700D820AE /* Products */ = {
			isa = PBXGroup;
			children = (
				DC5E96AE17CE262700D820AE /* ModelJuice.app */,
				DC5E96D217CE262700D820AE /* ModelJuiceTests.xctest */,
			);
			name = Products;
			sourceTree = "<group>";
		};
		DC5E96B017CE262700D820AE /* Frameworks */ = {
			isa = PBXGroup;
			children = (
				DCD9C44717D5F13700C53EF9 /* MapKit.framework */,
				DCD9C3E417D4AE9300C53EF9 /* libz.dylib */,
				DCD9C3E217D4AE4F00C53EF9 /* AdSupport.framework */,
				DC5E971F17CF9E4A00D820AE /* CoreData.framework */,
				DC5E96F517CF497F00D820AE /* QuartzCore.framework */,
				DC5E96B117CE262700D820AE /* Foundation.framework */,
				DC5E96B317CE262700D820AE /* CoreGraphics.framework */,
				DC5E96B517CE262700D820AE /* UIKit.framework */,
				DC5E96D317CE262700D820AE /* XCTest.framework */,
			);
			name = Frameworks;
			sourceTree = "<group>";
		};
		DC5E96B717CE262700D820AE /* ModelJuice */ = {
			isa = PBXGroup;
			children = (
				DCD9C3D817D4ADB300C53EF9 /* testflight */,
				DCE3FE9517EB00770071109E /* Billings */,
				DCB1465917E71B8100222AF6 /* Voucher */,
				DCB1465517E70A6500222AF6 /* LogOvertime */,
				DCF51BDE17D490830099795E /* Details */,
				DCF51BDD17D48DA20099795E /* Settings */,
				DC5E96F717CF4DDC00D820AE /* Login */,
				DC5E972517D07DB100D820AE /* Schedule */,
				DC5E972117D074A000D820AE /* Model */,
				DC5E96F817CF4E0200D820AE /* Helpers */,
				DCD9C44417D5E79200C53EF9 /* DKATabBarVC.h */,
				DCD9C44517D5E79200C53EF9 /* DKATabBarVC.m */,
				DC5E96C017CE262700D820AE /* DKAAppDelegate.h */,
				DC5E96C117CE262700D820AE /* DKAAppDelegate.m */,
				DC5E96C317CE262700D820AE /* Main.storyboard */,
				DC5E96CC17CE262700D820AE /* Images.xcassets */,
				DC5E96B817CE262700D820AE /* Supporting Files */,
			);
			path = ModelJuice;
			sourceTree = "<group>";
		};
		DC5E96B817CE262700D820AE /* Supporting Files */ = {
			isa = PBXGroup;
			children = (
				DC5E973717D0C91500D820AE /* images */,
				DC5E96B917CE262700D820AE /* ModelJuice-Info.plist */,
				DC5E96BA17CE262700D820AE /* InfoPlist.strings */,
				DC5E96BD17CE262700D820AE /* main.m */,
				DC5E96BF17CE262700D820AE /* ModelJuice-Prefix.pch */,
				DC5E971917CF9D3E00D820AE /* Model.xcdatamodeld */,
			);
			name = "Supporting Files";
			sourceTree = "<group>";
		};
		DC5E96D917CE262700D820AE /* ModelJuiceTests */ = {
			isa = PBXGroup;
			children = (
				DC5E96DF17CE262700D820AE /* ModelJuiceTests.m */,
				DC5E96DA17CE262700D820AE /* Supporting Files */,
			);
			path = ModelJuiceTests;
			sourceTree = "<group>";
		};
		DC5E96DA17CE262700D820AE /* Supporting Files */ = {
			isa = PBXGroup;
			children = (
				DC5E96DB17CE262700D820AE /* ModelJuiceTests-Info.plist */,
				DC5E96DC17CE262700D820AE /* InfoPlist.strings */,
			);
			name = "Supporting Files";
			sourceTree = "<group>";
		};
		DC5E96F717CF4DDC00D820AE /* Login */ = {
			isa = PBXGroup;
			children = (
				DC5E96F217CF29B300D820AE /* DKALoginVC.h */,
				DC5E96F317CF29B300D820AE /* DKALoginVC.m */,
			);
			name = Login;
			sourceTree = "<group>";
		};
		DC5E96F817CF4E0200D820AE /* Helpers */ = {
			isa = PBXGroup;
			children = (
				DC0067D417F05B8B0048A93E /* MBProgressHUD.h */,
				DC0067D517F05B8B0048A93E /* MBProgressHUD.m */,
				DCE3FE9217EAD11A0071109E /* Sequencer.h */,
				DCE3FE9317EAD11A0071109E /* Sequencer.m */,
				DCD9C45A17D7593F00C53EF9 /* NSDate-Utilities.h */,
				DCD9C45B17D7593F00C53EF9 /* NSDate-Utilities.m */,
				DC5E973317D0C8E800D820AE /* Calendar */,
				DC5E971C17CF9DA000D820AE /* NSManagedObject+NWCoreDataHelper.h */,
				DC5E971D17CF9DA000D820AE /* NSManagedObject+NWCoreDataHelper.m */,
				DC5E96F917CF4E7F00D820AE /* AFNetworking */,
				DC5E971617CF4EBB00D820AE /* DKAHelper.h */,
				DC5E971717CF4EBB00D820AE /* DKAHelper.m */,
				DC5E972C17D0A9FE00D820AE /* DKAHTTPClient.h */,
				DC5E972D17D0A9FE00D820AE /* DKAHTTPClient.m */,
				DC5E974017D1B8A100D820AE /* DKADefines.h */,
				DCD9C44F17D64FFA00C53EF9 /* UILabel+Boldify.h */,
				DCD9C45017D64FFA00C53EF9 /* UILabel+Boldify.m */,
			);
			name = Helpers;
			sourceTree = "<group>";
		};
		DC5E96F917CF4E7F00D820AE /* AFNetworking */ = {
			isa = PBXGroup;
			children = (
				DC5E96FA17CF4E7F00D820AE /* AFHTTPClient.h */,
				DC5E96FB17CF4E7F00D820AE /* AFHTTPClient.m */,
				DC5E96FC17CF4E7F00D820AE /* AFHTTPRequestOperation.h */,
				DC5E96FD17CF4E7F00D820AE /* AFHTTPRequestOperation.m */,
				DC5E96FE17CF4E7F00D820AE /* AFImageRequestOperation.h */,
				DC5E96FF17CF4E7F00D820AE /* AFImageRequestOperation.m */,
				DC5E970017CF4E7F00D820AE /* AFJSONRequestOperation.h */,
				DC5E970117CF4E7F00D820AE /* AFJSONRequestOperation.m */,
				DC5E970217CF4E7F00D820AE /* AFNetworkActivityIndicatorManager.h */,
				DC5E970317CF4E7F00D820AE /* AFNetworkActivityIndicatorManager.m */,
				DC5E970417CF4E7F00D820AE /* AFNetworking.h */,
				DC5E970517CF4E7F00D820AE /* AFPropertyListRequestOperation.h */,
				DC5E970617CF4E7F00D820AE /* AFPropertyListRequestOperation.m */,
				DC5E970717CF4E7F00D820AE /* AFURLConnectionOperation.h */,
				DC5E970817CF4E7F00D820AE /* AFURLConnectionOperation.m */,
				DC5E970917CF4E7F00D820AE /* AFXMLRequestOperation.h */,
				DC5E970A17CF4E7F00D820AE /* AFXMLRequestOperation.m */,
				DC5E970B17CF4E7F00D820AE /* UIImageView+AFNetworking.h */,
				DC5E970C17CF4E7F00D820AE /* UIImageView+AFNetworking.m */,
			);
			path = AFNetworking;
			sourceTree = "<group>";
		};
		DC5E972117D074A000D820AE /* Model */ = {
			isa = PBXGroup;
			children = (
				DCB1466417E859FE00222AF6 /* Booking.h */,
				DCB1466517E859FE00222AF6 /* Booking.m */,
				DCD9C45317D7299600C53EF9 /* Client.h */,
				DCD9C45417D7299600C53EF9 /* Client.m */,
				DCD9C43E17D5BECA00C53EF9 /* ClientContactPerson.h */,
				DCD9C43F17D5BECA00C53EF9 /* ClientContactPerson.m */,
				DCD9C42717D5A7DD00C53EF9 /* BookingDetails.h */,
				DCD9C42817D5A7DD00C53EF9 /* BookingDetails.m */,
				DC5E972217D074B100D820AE /* Person.h */,
				DC5E972317D074B100D820AE /* Person.m */,
			);
			name = Model;
			sourceTree = "<group>";
		};
		DC5E972517D07DB100D820AE /* Schedule */ = {
			isa = PBXGroup;
			children = (
				DC5E972617D07DD500D820AE /* DKAScheduleVC.h */,
				DC5E972717D07DD500D820AE /* DKAScheduleVC.m */,
				DC5E972917D07E9400D820AE /* DKAScheduleNavigateVC.h */,
				DC5E972A17D07E9400D820AE /* DKAScheduleNavigateVC.m */,
			);
			name = Schedule;
			sourceTree = "<group>";
		};
		DC5E973317D0C8E800D820AE /* Calendar */ = {
			isa = PBXGroup;
			children = (
				DC5E973517D0C8F500D820AE /* CKCalendarView.h */,
				DC5E973417D0C8F500D820AE /* CKCalendarView.m */,
			);
			name = Calendar;
			sourceTree = "<group>";
		};
		DC5E973717D0C91500D820AE /* images */ = {
			isa = PBXGroup;
			children = (
				DCD9C46517D7669700C53EF9 /* check-box.png */,
				DCD9C46617D7669700C53EF9 /* check-box@2x.png */,
				DCD9C46717D7669700C53EF9 /* checked.png */,
				DCD9C46817D7669700C53EF9 /* checked@2x.png */,
				DCD9C44917D5F20400C53EF9 /* MJ_80.png */,
				DCD9C44A17D5F20400C53EF9 /* MJ_120.png */,
				DCD9C44B17D5F20400C53EF9 /* MJ_58.png */,
				DCD9C43517D5AEB600C53EF9 /* arrow_left.png */,
				DCD9C43617D5AEB600C53EF9 /* arrow_left@2x.png */,
				DCD9C43717D5AEB600C53EF9 /* arrow_right.png */,
				DCD9C43817D5AEB600C53EF9 /* arrow_right@2x.png */,
				DCD9C42D17D5AC0000C53EF9 /* CheckBox_Checked.png */,
				DCD9C42E17D5AC0000C53EF9 /* CheckBox_Checked@2x.png */,
				DCD9C42F17D5AC0000C53EF9 /* CheckBox.png */,
				DCD9C43017D5AC0000C53EF9 /* CheckBox@2x.png */,
				DCD9C42417D4B52100C53EF9 /* shedule@2x.png */,
				DCD9C40617D4B51B00C53EF9 /* calendar.png */,
				DCD9C40717D4B51B00C53EF9 /* calendar@2x.png */,
				DCD9C40817D4B51B00C53EF9 /* globe.png */,
				DCD9C40917D4B51B00C53EF9 /* globe@2x.png */,
				DCD9C40A17D4B51B00C53EF9 /* logo.png */,
				DCD9C40B17D4B51B00C53EF9 /* logo@2x.png */,
				DCD9C40C17D4B51B00C53EF9 /* money.png */,
				DCD9C40D17D4B51B00C53EF9 /* money@2x.png */,
				DCD9C40E17D4B51B00C53EF9 /* phone.png */,
				DCD9C40F17D4B51B00C53EF9 /* phone@2x.png */,
				DCD9C41017D4B51B00C53EF9 /* plus.png */,
				DCD9C41117D4B51B00C53EF9 /* plus@2x.png */,
				DCD9C41217D4B51B00C53EF9 /* search.png */,
				DCD9C41317D4B51B00C53EF9 /* search@2x.png */,
				DCD9C41417D4B51B00C53EF9 /* settings@2x.png */,
			);
			name = images;
			sourceTree = "<group>";
		};
		DCB1465517E70A6500222AF6 /* LogOvertime */ = {
			isa = PBXGroup;
			children = (
				DCB1465617E70AB100222AF6 /* DKALogOvertimeVC.h */,
				DCB1465717E70AB100222AF6 /* DKALogOvertimeVC.m */,
			);
			name = LogOvertime;
			sourceTree = "<group>";
		};
		DCB1465917E71B8100222AF6 /* Voucher */ = {
			isa = PBXGroup;
			children = (
				DCB1465D17E71C5600222AF6 /* NISignatureViewQuartzQuadratic.h */,
				DCB1465E17E71C5600222AF6 /* NISignatureViewQuartzQuadratic.m */,
				DCB1465A17E71BBE00222AF6 /* DKAVoucherVC.h */,
				DCB1465B17E71BBE00222AF6 /* DKAVoucherVC.m */,
			);
			name = Voucher;
			sourceTree = "<group>";
		};
		DCD9C3D817D4ADB300C53EF9 /* testflight */ = {
			isa = PBXGroup;
			children = (
				DCD9C3D917D4ADBD00C53EF9 /* libTestFlight.a */,
				DCD9C3DA17D4ADBD00C53EF9 /* README.md */,
				DCD9C3DB17D4ADBD00C53EF9 /* release_notes.md */,
				DCD9C3DC17D4ADBD00C53EF9 /* TestFlight.h */,
				DCD9C3DD17D4ADBD00C53EF9 /* TestFlight+AsyncLogging.h */,
				DCD9C3DE17D4ADBD00C53EF9 /* TestFlight+ManualSessions.h */,
			);
			name = testflight;
			sourceTree = "<group>";
		};
		DCE3FE9517EB00770071109E /* Billings */ = {
			isa = PBXGroup;
			children = (
				DCE3FE9917EB00F30071109E /* DKABillingNavigateVC.h */,
				DCE3FE9A17EB00F30071109E /* DKABillingNavigateVC.m */,
				DCE3FE9C17EB02880071109E /* DKABillingsVC.h */,
				DCE3FE9D17EB02880071109E /* DKABillingsVC.m */,
			);
			name = Billings;
			sourceTree = "<group>";
		};
		DCF51BDD17D48DA20099795E /* Settings */ = {
			isa = PBXGroup;
			children = (
				DC5E96C617CE262700D820AE /* DKAFirstViewController.h */,
				DC5E96C717CE262700D820AE /* DKAFirstViewController.m */,
				DC5E96C917CE262700D820AE /* DKASecondViewController.h */,
				DC5E96CA17CE262700D820AE /* DKASecondViewController.m */,
			);
			name = Settings;
			sourceTree = "<group>";
		};
		DCF51BDE17D490830099795E /* Details */ = {
			isa = PBXGroup;
			children = (
				DCF51BDF17D4909A0099795E /* DKADetailsVC.h */,
				DCF51BE017D4909A0099795E /* DKADetailsVC.m */,
			);
			name = Details;
			sourceTree = "<group>";
		};
/* End PBXGroup section */

/* Begin PBXNativeTarget section */
		DC5E96AD17CE262700D820AE /* ModelJuice */ = {
			isa = PBXNativeTarget;
			buildConfigurationList = DC5E96E317CE262700D820AE /* Build configuration list for PBXNativeTarget "ModelJuice" */;
			buildPhases = (
				DC5E96AA17CE262700D820AE /* Sources */,
				DC5E96AB17CE262700D820AE /* Frameworks */,
				DC5E96AC17CE262700D820AE /* Resources */,
			);
			buildRules = (
			);
			dependencies = (
			);
			name = ModelJuice;
			productName = ModelJuice;
			productReference = DC5E96AE17CE262700D820AE /* ModelJuice.app */;
			productType = "com.apple.product-type.application";
		};
		DC5E96D117CE262700D820AE /* ModelJuiceTests */ = {
			isa = PBXNativeTarget;
			buildConfigurationList = DC5E96E617CE262700D820AE /* Build configuration list for PBXNativeTarget "ModelJuiceTests" */;
			buildPhases = (
				DC5E96CE17CE262700D820AE /* Sources */,
				DC5E96CF17CE262700D820AE /* Frameworks */,
				DC5E96D017CE262700D820AE /* Resources */,
			);
			buildRules = (
			);
			dependencies = (
				DC5E96D817CE262700D820AE /* PBXTargetDependency */,
			);
			name = ModelJuiceTests;
			productName = ModelJuiceTests;
			productReference = DC5E96D217CE262700D820AE /* ModelJuiceTests.xctest */;
			productType = "com.apple.product-type.bundle.unit-test";
		};
/* End PBXNativeTarget section */

/* Begin PBXProject section */
		DC5E96A617CE262700D820AE /* Project object */ = {
			isa = PBXProject;
			attributes = {
				CLASSPREFIX = DKA;
				LastUpgradeCheck = 0500;
				ORGANIZATIONNAME = "Sergey Dikarev";
				TargetAttributes = {
					DC5E96AD17CE262700D820AE = {
						DevelopmentTeam = A2KE4XLMNK;
					};
					DC5E96D117CE262700D820AE = {
						TestTargetID = DC5E96AD17CE262700D820AE;
					};
				};
			};
			buildConfigurationList = DC5E96A917CE262700D820AE /* Build configuration list for PBXProject "ModelJuice" */;
			compatibilityVersion = "Xcode 3.2";
			developmentRegion = English;
			hasScannedForEncodings = 0;
			knownRegions = (
				en,
				Base,
			);
			mainGroup = DC5E96A517CE262700D820AE;
			productRefGroup = DC5E96AF17CE262700D820AE /* Products */;
			projectDirPath = "";
			projectRoot = "";
			targets = (
				DC5E96AD17CE262700D820AE /* ModelJuice */,
				DC5E96D117CE262700D820AE /* ModelJuiceTests */,
			);
		};
/* End PBXProject section */

/* Begin PBXResourcesBuildPhase section */
		DC5E96AC17CE262700D820AE /* Resources */ = {
			isa = PBXResourcesBuildPhase;
			buildActionMask = 2147483647;
			files = (
				DCD9C41817D4B51B00C53EF9 /* globe@2x.png in Resources */,
				DCD9C41A17D4B51B00C53EF9 /* logo@2x.png in Resources */,
				DCD9C43B17D5AEB600C53EF9 /* arrow_right.png in Resources */,
				DCD9C41E17D4B51B00C53EF9 /* phone@2x.png in Resources */,
				DCD9C42217D4B51B00C53EF9 /* search@2x.png in Resources */,
				DCD9C43317D5AC0000C53EF9 /* CheckBox.png in Resources */,
				DCD9C41517D4B51B00C53EF9 /* calendar.png in Resources */,
				DCD9C3E117D4ADBD00C53EF9 /* release_notes.md in Resources */,
				DCD9C41C17D4B51B00C53EF9 /* money@2x.png in Resources */,
				DCD9C41D17D4B51B00C53EF9 /* phone.png in Resources */,
				DCD9C44C17D5F20400C53EF9 /* MJ_80.png in Resources */,
				DC5E96CD17CE262700D820AE /* Images.xcassets in Resources */,
				DC5E96BC17CE262700D820AE /* InfoPlist.strings in Resources */,
				DCD9C42317D4B51B00C53EF9 /* settings@2x.png in Resources */,
				DCD9C46B17D7669700C53EF9 /* checked.png in Resources */,
				DCD9C41717D4B51B00C53EF9 /* globe.png in Resources */,
				DCD9C41F17D4B51B00C53EF9 /* plus.png in Resources */,
				DCD9C46C17D7669700C53EF9 /* checked@2x.png in Resources */,
				DCD9C43C17D5AEB600C53EF9 /* arrow_right@2x.png in Resources */,
				DCD9C42517D4B52100C53EF9 /* shedule@2x.png in Resources */,
				DCD9C42017D4B51B00C53EF9 /* plus@2x.png in Resources */,
				DCD9C41B17D4B51B00C53EF9 /* money.png in Resources */,
				DCD9C42117D4B51B00C53EF9 /* search.png in Resources */,
				DCD9C43417D5AC0000C53EF9 /* CheckBox@2x.png in Resources */,
				DCD9C41917D4B51B00C53EF9 /* logo.png in Resources */,
				DCD9C43117D5AC0000C53EF9 /* CheckBox_Checked.png in Resources */,
				DCD9C44D17D5F20400C53EF9 /* MJ_120.png in Resources */,
				DCD9C46917D7669700C53EF9 /* check-box.png in Resources */,
				DC5E96C517CE262700D820AE /* Main.storyboard in Resources */,
				DCD9C43917D5AEB600C53EF9 /* arrow_left.png in Resources */,
				DCD9C46A17D7669700C53EF9 /* check-box@2x.png in Resources */,
				DCD9C41617D4B51B00C53EF9 /* calendar@2x.png in Resources */,
				DCD9C43217D5AC0000C53EF9 /* CheckBox_Checked@2x.png in Resources */,
				DCD9C43A17D5AEB600C53EF9 /* arrow_left@2x.png in Resources */,
				DCD9C3E017D4ADBD00C53EF9 /* README.md in Resources */,
				DCD9C44E17D5F20400C53EF9 /* MJ_58.png in Resources */,
			);
			runOnlyForDeploymentPostprocessing = 0;
		};
		DC5E96D017CE262700D820AE /* Resources */ = {
			isa = PBXResourcesBuildPhase;
			buildActionMask = 2147483647;
			files = (
				DC5E96DE17CE262700D820AE /* InfoPlist.strings in Resources */,
			);
			runOnlyForDeploymentPostprocessing = 0;
		};
/* End PBXResourcesBuildPhase section */

/* Begin PBXSourcesBuildPhase section */
		DC5E96AA17CE262700D820AE /* Sources */ = {
			isa = PBXSourcesBuildPhase;
			buildActionMask = 2147483647;
			files = (
				DC5E970F17CF4E7F00D820AE /* AFImageRequestOperation.m in Sources */,
				DC5E96F417CF29B300D820AE /* DKALoginVC.m in Sources */,
				DCB1465F17E71C5600222AF6 /* NISignatureViewQuartzQuadratic.m in Sources */,
				DC5E96BE17CE262700D820AE /* main.m in Sources */,
				DC5E971417CF4E7F00D820AE /* AFXMLRequestOperation.m in Sources */,
				DC5E96C217CE262700D820AE /* DKAAppDelegate.m in Sources */,
				DC5E971517CF4E7F00D820AE /* UIImageView+AFNetworking.m in Sources */,
				DC5E972417D074B100D820AE /* Person.m in Sources */,
				DCE3FE9B17EB00F30071109E /* DKABillingNavigateVC.m in Sources */,
				DCD9C42917D5A7DD00C53EF9 /* BookingDetails.m in Sources */,
				DCB1466617E859FE00222AF6 /* Booking.m in Sources */,
				DC5E971317CF4E7F00D820AE /* AFURLConnectionOperation.m in Sources */,
				DCE3FE9417EAD11A0071109E /* Sequencer.m in Sources */,
				DCB1465817E70AB100222AF6 /* DKALogOvertimeVC.m in Sources */,
				DC5E973617D0C8F500D820AE /* CKCalendarView.m in Sources */,
				DC5E971117CF4E7F00D820AE /* AFNetworkActivityIndicatorManager.m in Sources */,
				DCD9C44017D5BECA00C53EF9 /* ClientContactPerson.m in Sources */,
				DCB1465C17E71BBE00222AF6 /* DKAVoucherVC.m in Sources */,
				DC5E96C817CE262700D820AE /* DKAFirstViewController.m in Sources */,
				DC5E971017CF4E7F00D820AE /* AFJSONRequestOperation.m in Sources */,
				DC5E972B17D07E9400D820AE /* DKAScheduleNavigateVC.m in Sources */,
				DCD9C44617D5E79200C53EF9 /* DKATabBarVC.m in Sources */,
				DC0067D617F05B8B0048A93E /* MBProgressHUD.m in Sources */,
				DC5E96CB17CE262700D820AE /* DKASecondViewController.m in Sources */,
				DC5E972817D07DD500D820AE /* DKAScheduleVC.m in Sources */,
				DCF51BE117D4909A0099795E /* DKADetailsVC.m in Sources */,
				DCD9C45117D64FFA00C53EF9 /* UILabel+Boldify.m in Sources */,
				DC5E971B17CF9D3E00D820AE /* Model.xcdatamodeld in Sources */,
				DCE3FE9E17EB02880071109E /* DKABillingsVC.m in Sources */,
				DCD9C45517D7299600C53EF9 /* Client.m in Sources */,
				DC5E971E17CF9DA000D820AE /* NSManagedObject+NWCoreDataHelper.m in Sources */,
				DC5E971217CF4E7F00D820AE /* AFPropertyListRequestOperation.m in Sources */,
				DC5E970D17CF4E7F00D820AE /* AFHTTPClient.m in Sources */,
				DC5E972E17D0A9FE00D820AE /* DKAHTTPClient.m in Sources */,
				DCD9C45C17D7593F00C53EF9 /* NSDate-Utilities.m in Sources */,
				DC5E970E17CF4E7F00D820AE /* AFHTTPRequestOperation.m in Sources */,
				DC5E971817CF4EBB00D820AE /* DKAHelper.m in Sources */,
			);
			runOnlyForDeploymentPostprocessing = 0;
		};
		DC5E96CE17CE262700D820AE /* Sources */ = {
			isa = PBXSourcesBuildPhase;
			buildActionMask = 2147483647;
			files = (
				DC5E96E017CE262700D820AE /* ModelJuiceTests.m in Sources */,
			);
			runOnlyForDeploymentPostprocessing = 0;
		};
/* End PBXSourcesBuildPhase section */

/* Begin PBXTargetDependency section */
		DC5E96D817CE262700D820AE /* PBXTargetDependency */ = {
			isa = PBXTargetDependency;
			target = DC5E96AD17CE262700D820AE /* ModelJuice */;
			targetProxy = DC5E96D717CE262700D820AE /* PBXContainerItemProxy */;
		};
/* End PBXTargetDependency section */

/* Begin PBXVariantGroup section */
		DC5E96BA17CE262700D820AE /* InfoPlist.strings */ = {
			isa = PBXVariantGroup;
			children = (
				DC5E96BB17CE262700D820AE /* en */,
			);
			name = InfoPlist.strings;
			sourceTree = "<group>";
		};
		DC5E96C317CE262700D820AE /* Main.storyboard */ = {
			isa = PBXVariantGroup;
			children = (
				DC5E96C417CE262700D820AE /* Base */,
			);
			name = Main.storyboard;
			sourceTree = "<group>";
		};
		DC5E96DC17CE262700D820AE /* InfoPlist.strings */ = {
			isa = PBXVariantGroup;
			children = (
				DC5E96DD17CE262700D820AE /* en */,
			);
			name = InfoPlist.strings;
			sourceTree = "<group>";
		};
/* End PBXVariantGroup section */

/* Begin XCBuildConfiguration section */
		DC5E96E117CE262700D820AE /* Debug */ = {
			isa = XCBuildConfiguration;
			buildSettings = {
				ALWAYS_SEARCH_USER_PATHS = NO;
				CLANG_CXX_LANGUAGE_STANDARD = "gnu++0x";
				CLANG_CXX_LIBRARY = "libc++";
				CLANG_ENABLE_MODULES = YES;
				CLANG_ENABLE_OBJC_ARC = YES;
				CLANG_WARN_BOOL_CONVERSION = YES;
				CLANG_WARN_CONSTANT_CONVERSION = YES;
				CLANG_WARN_DIRECT_OBJC_ISA_USAGE = YES_ERROR;
				CLANG_WARN_EMPTY_BODY = YES;
				CLANG_WARN_ENUM_CONVERSION = YES;
				CLANG_WARN_INT_CONVERSION = YES;
				CLANG_WARN_OBJC_ROOT_CLASS = YES_ERROR;
				CLANG_WARN__DUPLICATE_METHOD_MATCH = YES;
				"CODE_SIGN_IDENTITY[sdk=iphoneos*]" = "iPhone Developer";
				COPY_PHASE_STRIP = NO;
				GCC_C_LANGUAGE_STANDARD = gnu99;
				GCC_DYNAMIC_NO_PIC = NO;
				GCC_OPTIMIZATION_LEVEL = 0;
				GCC_PREPROCESSOR_DEFINITIONS = (
					"DEBUG=1",
					"$(inherited)",
				);
				GCC_SYMBOLS_PRIVATE_EXTERN = NO;
				GCC_WARN_ABOUT_RETURN_TYPE = YES_ERROR;
				GCC_WARN_UNDECLARED_SELECTOR = YES;
				GCC_WARN_UNINITIALIZED_AUTOS = YES;
				GCC_WARN_UNUSED_FUNCTION = YES;
				GCC_WARN_UNUSED_VARIABLE = YES;
				IPHONEOS_DEPLOYMENT_TARGET = 7.0;
				ONLY_ACTIVE_ARCH = YES;
				SDKROOT = iphoneos;
			};
			name = Debug;
		};
		DC5E96E217CE262700D820AE /* Release */ = {
			isa = XCBuildConfiguration;
			buildSettings = {
				ALWAYS_SEARCH_USER_PATHS = NO;
				CLANG_CXX_LANGUAGE_STANDARD = "gnu++0x";
				CLANG_CXX_LIBRARY = "libc++";
				CLANG_ENABLE_MODULES = YES;
				CLANG_ENABLE_OBJC_ARC = YES;
				CLANG_WARN_BOOL_CONVERSION = YES;
				CLANG_WARN_CONSTANT_CONVERSION = YES;
				CLANG_WARN_DIRECT_OBJC_ISA_USAGE = YES_ERROR;
				CLANG_WARN_EMPTY_BODY = YES;
				CLANG_WARN_ENUM_CONVERSION = YES;
				CLANG_WARN_INT_CONVERSION = YES;
				CLANG_WARN_OBJC_ROOT_CLASS = YES_ERROR;
				CLANG_WARN__DUPLICATE_METHOD_MATCH = YES;
				"CODE_SIGN_IDENTITY[sdk=iphoneos*]" = "iPhone Developer";
				COPY_PHASE_STRIP = YES;
				ENABLE_NS_ASSERTIONS = NO;
				GCC_C_LANGUAGE_STANDARD = gnu99;
				GCC_WARN_ABOUT_RETURN_TYPE = YES_ERROR;
				GCC_WARN_UNDECLARED_SELECTOR = YES;
				GCC_WARN_UNINITIALIZED_AUTOS = YES;
				GCC_WARN_UNUSED_FUNCTION = YES;
				GCC_WARN_UNUSED_VARIABLE = YES;
				IPHONEOS_DEPLOYMENT_TARGET = 7.0;
				SDKROOT = iphoneos;
				VALIDATE_PRODUCT = YES;
			};
			name = Release;
		};
		DC5E96E417CE262700D820AE /* Debug */ = {
			isa = XCBuildConfiguration;
			buildSettings = {
				ASSETCATALOG_COMPILER_APPICON_NAME = AppIcon;
				ASSETCATALOG_COMPILER_LAUNCHIMAGE_NAME = LaunchImage;
				CODE_SIGN_IDENTITY = "iPhone Distribution: Sergey Dikarev (A2KE4XLMNK)";
				"CODE_SIGN_IDENTITY[sdk=iphoneos*]" = "iPhone Distribution: Sergey Dikarev (A2KE4XLMNK)";
				GCC_PRECOMPILE_PREFIX_HEADER = YES;
				GCC_PREFIX_HEADER = "ModelJuice/ModelJuice-Prefix.pch";
				INFOPLIST_FILE = "ModelJuice/ModelJuice-Info.plist";
				LIBRARY_SEARCH_PATHS = (
					"$(inherited)",
					"/Users/sdikarev/Dropbox/Incoding/Apple\\ coding/ModelJuice/ModelJuice",
				);
				PRODUCT_NAME = "$(TARGET_NAME)";
				PROVISIONING_PROFILE = "6E3230A5-2969-4C95-8AE2-AEF946CD9D21";
				WRAPPER_EXTENSION = app;
			};
			name = Debug;
		};
		DC5E96E517CE262700D820AE /* Release */ = {
			isa = XCBuildConfiguration;
			buildSettings = {
				ASSETCATALOG_COMPILER_APPICON_NAME = AppIcon;
				ASSETCATALOG_COMPILER_LAUNCHIMAGE_NAME = LaunchImage;
				CODE_SIGN_IDENTITY = "iPhone Distribution: Sergey Dikarev (A2KE4XLMNK)";
				"CODE_SIGN_IDENTITY[sdk=iphoneos*]" = "iPhone Distribution: Sergey Dikarev (A2KE4XLMNK)";
				GCC_PRECOMPILE_PREFIX_HEADER = YES;
				GCC_PREFIX_HEADER = "ModelJuice/ModelJuice-Prefix.pch";
				INFOPLIST_FILE = "ModelJuice/ModelJuice-Info.plist";
				LIBRARY_SEARCH_PATHS = (
					"$(inherited)",
					"/Users/sdikarev/Dropbox/Incoding/Apple\\ coding/ModelJuice/ModelJuice",
				);
				PRODUCT_NAME = "$(TARGET_NAME)";
				PROVISIONING_PROFILE = "6E3230A5-2969-4C95-8AE2-AEF946CD9D21";
				WRAPPER_EXTENSION = app;
			};
			name = Release;
		};
		DC5E96E717CE262700D820AE /* Debug */ = {
			isa = XCBuildConfiguration;
			buildSettings = {
				BUNDLE_LOADER = "$(BUILT_PRODUCTS_DIR)/ModelJuice.app/ModelJuice";
				FRAMEWORK_SEARCH_PATHS = (
					"$(SDKROOT)/Developer/Library/Frameworks",
					"$(inherited)",
					"$(DEVELOPER_FRAMEWORKS_DIR)",
				);
				GCC_PRECOMPILE_PREFIX_HEADER = YES;
				GCC_PREFIX_HEADER = "ModelJuice/ModelJuice-Prefix.pch";
				GCC_PREPROCESSOR_DEFINITIONS = (
					"DEBUG=1",
					"$(inherited)",
				);
				INFOPLIST_FILE = "ModelJuiceTests/ModelJuiceTests-Info.plist";
				PRODUCT_NAME = "$(TARGET_NAME)";
				TEST_HOST = "$(BUNDLE_LOADER)";
				WRAPPER_EXTENSION = xctest;
			};
			name = Debug;
		};
		DC5E96E817CE262700D820AE /* Release */ = {
			isa = XCBuildConfiguration;
			buildSettings = {
				BUNDLE_LOADER = "$(BUILT_PRODUCTS_DIR)/ModelJuice.app/ModelJuice";
				FRAMEWORK_SEARCH_PATHS = (
					"$(SDKROOT)/Developer/Library/Frameworks",
					"$(inherited)",
					"$(DEVELOPER_FRAMEWORKS_DIR)",
				);
				GCC_PRECOMPILE_PREFIX_HEADER = YES;
				GCC_PREFIX_HEADER = "ModelJuice/ModelJuice-Prefix.pch";
				INFOPLIST_FILE = "ModelJuiceTests/ModelJuiceTests-Info.plist";
				PRODUCT_NAME = "$(TARGET_NAME)";
				TEST_HOST = "$(BUNDLE_LOADER)";
				WRAPPER_EXTENSION = xctest;
			};
			name = Release;
		};
/* End XCBuildConfiguration section */

/* Begin XCConfigurationList section */
		DC5E96A917CE262700D820AE /* Build configuration list for PBXProject "ModelJuice" */ = {
			isa = XCConfigurationList;
			buildConfigurations = (
				DC5E96E117CE262700D820AE /* Debug */,
				DC5E96E217CE262700D820AE /* Release */,
			);
			defaultConfigurationIsVisible = 0;
			defaultConfigurationName = Release;
		};
		DC5E96E317CE262700D820AE /* Build configuration list for PBXNativeTarget "ModelJuice" */ = {
			isa = XCConfigurationList;
			buildConfigurations = (
				DC5E96E417CE262700D820AE /* Debug */,
				DC5E96E517CE262700D820AE /* Release */,
			);
			defaultConfigurationIsVisible = 0;
			defaultConfigurationName = Release;
		};
		DC5E96E617CE262700D820AE /* Build configuration list for PBXNativeTarget "ModelJuiceTests" */ = {
			isa = XCConfigurationList;
			buildConfigurations = (
				DC5E96E717CE262700D820AE /* Debug */,
				DC5E96E817CE262700D820AE /* Release */,
			);
			defaultConfigurationIsVisible = 0;
			defaultConfigurationName = Release;
		};
/* End XCConfigurationList section */

/* Begin XCVersionGroup section */
		DC5E971917CF9D3E00D820AE /* Model.xcdatamodeld */ = {
			isa = XCVersionGroup;
			children = (
				DCB1466017E8594100222AF6 /* Model 7.xcdatamodel */,
				DCB1466717E85DB000222AF6 /* Model 8.xcdatamodel */,
				DCD9C45217D7295E00C53EF9 /* Model 6.xcdatamodel */,
				DCD9C43D17D5BDBB00C53EF9 /* Model 5.xcdatamodel */,
				DCD9C42617D5A73B00C53EF9 /* Model 4.xcdatamodel */,
				DC006DDB17D49D9400E028A5 /* Model 3.xcdatamodel */,
				DC5E972F17D0B34F00D820AE /* Model 2.xcdatamodel */,
				DC5E971A17CF9D3E00D820AE /* Model.xcdatamodel */,
			);
			currentVersion = DCB1466717E85DB000222AF6 /* Model 8.xcdatamodel */;
			path = Model.xcdatamodeld;
			sourceTree = "<group>";
			versionGroupType = wrapper.xcdatamodel;
		};
/* End XCVersionGroup section */
	};
	rootObject = DC5E96A617CE262700D820AE /* Project object */;
}
